
Microsoft Visual Studio Solution File, Format Version 12.00
# Visual Studio Version 17
VisualStudioVersion = 17.2.32630.192
MinimumVisualStudioVersion = 10.0.40219.1
Project("{FAE04EC0-301F-11D3-BF4B-00C04F79EFBC}") = "AbstratoInterface_2", "AbstratoInterface_2\AbstratoInterface_2.csproj", "{5FDAD3EE-D728-4BD2-9065-5E97D44A1B09}"
EndProject
Global
	GlobalSection(SolutionConfigurationPlatforms) = preSolution
		Debug|Any CPU = Debug|Any CPU
		Release|Any CPU = Release|Any CPU
	EndGlobalSection
	GlobalSection(ProjectConfigurationPlatforms) = postSolution
		{5FDAD3EE-D728-4BD2-9065-5E97D44A1B09}.Debug|Any CPU.ActiveCfg = Debug|Any CPU
		{5FDAD3EE-D728-4BD2-9065-5E97D44A1B09}.Debug|Any CPU.Build.0 = Debug|Any CPU
		{5FDAD3EE-D728-4BD2-9065-5E97D44A1B09}.Release|Any CPU.ActiveCfg = Release|Any CPU
		{5FDAD3EE-D728-4BD2-9065-5E97D44A1B09}.Release|Any CPU.Build.0 = Release|Any CPU
	EndGlobalSection
	GlobalSection(SolutionProperties) = preSolution
		HideSolutionNode = FALSE
	EndGlobalSection
	GlobalSection(ExtensibilityGlobals) = postSolution
		SolutionGuid = {044E07F7-B577-41AA-821A-4D266CF057FE}
	EndGlobalSection
EndGlobal
